
Microsoft Visual Studio Solution File, Format Version 12.00
# Visual Studio Version 16
VisualStudioVersion = 16.0.31402.337
MinimumVisualStudioVersion = 10.0.40219.1
Project("{FAE04EC0-301F-11D3-BF4B-00C04F79EFBC}") = "Rent", "Rent\Rent.csproj", "{1487EF0E-D77A-4824-885D-0A8C1667F38D}"
EndProject
Global
	GlobalSection(SolutionConfigurationPlatforms) = preSolution
		Debug|Any CPU = Debug|Any CPU
		Release|Any CPU = Release|Any CPU
	EndGlobalSection
	GlobalSection(ProjectConfigurationPlatforms) = postSolution
		{1487EF0E-D77A-4824-885D-0A8C1667F38D}.Debug|Any CPU.ActiveCfg = Debug|Any CPU
		{1487EF0E-D77A-4824-885D-0A8C1667F38D}.Debug|Any CPU.Build.0 = Debug|Any CPU
		{1487EF0E-D77A-4824-885D-0A8C1667F38D}.Release|Any CPU.ActiveCfg = Release|Any CPU
		{1487EF0E-D77A-4824-885D-0A8C1667F38D}.Release|Any CPU.Build.0 = Release|Any CPU
	EndGlobalSection
	GlobalSection(SolutionProperties) = preSolution
		HideSolutionNode = FALSE
	EndGlobalSection
	GlobalSection(ExtensibilityGlobals) = postSolution
		SolutionGuid = {7BFE9E82-BC16-4041-BB5A-5BA3E4457BE6}
	EndGlobalSection
EndGlobal
